// !$*UTF8*$!
{
	archiveVersion = 1;
	classes = {
	};
	objectVersion = 51;
	objects = {

/* Begin PBXBuildFile section */
		85FC0CD58F79E92681759D6A /* Pods_MobileAxxess.framework in Frameworks */ = {isa = PBXBuildFile; fileRef = ABB31F393EC1FF47F2EDF268 /* Pods_MobileAxxess.framework */; };
		90842856254D5D2F000260E7 /* AppDelegate.swift in Sources */ = {isa = PBXBuildFile; fileRef = 90842855254D5D2F000260E7 /* AppDelegate.swift */; };
		90842858254D5D2F000260E7 /* SceneDelegate.swift in Sources */ = {isa = PBXBuildFile; fileRef = 90842857254D5D2F000260E7 /* SceneDelegate.swift */; };
		9084285A254D5D2F000260E7 /* ViewController.swift in Sources */ = {isa = PBXBuildFile; fileRef = 90842859254D5D2F000260E7 /* ViewController.swift */; };
		9084285D254D5D2F000260E7 /* Main.storyboard in Resources */ = {isa = PBXBuildFile; fileRef = 9084285B254D5D2F000260E7 /* Main.storyboard */; };
		9084285F254D5D32000260E7 /* Assets.xcassets in Resources */ = {isa = PBXBuildFile; fileRef = 9084285E254D5D32000260E7 /* Assets.xcassets */; };
		90842862254D5D32000260E7 /* LaunchScreen.storyboard in Resources */ = {isa = PBXBuildFile; fileRef = 90842860254D5D32000260E7 /* LaunchScreen.storyboard */; };
		9084286D254D5D32000260E7 /* MobileAxxessTests.swift in Sources */ = {isa = PBXBuildFile; fileRef = 9084286C254D5D32000260E7 /* MobileAxxessTests.swift */; };
		90842878254D5D32000260E7 /* MobileAxxessUITests.swift in Sources */ = {isa = PBXBuildFile; fileRef = 90842877254D5D32000260E7 /* MobileAxxessUITests.swift */; };
		908AE4BD2551D14400D14FDB /* Connection.swift in Sources */ = {isa = PBXBuildFile; fileRef = 908AE4BC2551D14400D14FDB /* Connection.swift */; };
		908AE4BF2551E7AA00D14FDB /* PersistenceCoordinator.swift in Sources */ = {isa = PBXBuildFile; fileRef = 908AE4BA2551BD7C00D14FDB /* PersistenceCoordinator.swift */; };
		908AE4C32551FABD00D14FDB /* DateFormatter+Article.swift in Sources */ = {isa = PBXBuildFile; fileRef = 908AE4C22551FABD00D14FDB /* DateFormatter+Article.swift */; };
		90A365EB254EAB73004F5878 /* ArticleTableViewCell.swift in Sources */ = {isa = PBXBuildFile; fileRef = 90A365EA254EAB73004F5878 /* ArticleTableViewCell.swift */; };
		90A365ED254F0168004F5878 /* ImageCache.swift in Sources */ = {isa = PBXBuildFile; fileRef = 90A365EC254F0168004F5878 /* ImageCache.swift */; };
		90A365EF254F017D004F5878 /* ImageManager.swift in Sources */ = {isa = PBXBuildFile; fileRef = 90A365EE254F017D004F5878 /* ImageManager.swift */; };
		90A365F1254F3B5E004F5878 /* AsyncOperation.swift in Sources */ = {isa = PBXBuildFile; fileRef = 90A365F0254F3B5E004F5878 /* AsyncOperation.swift */; };
		90A365F3254F3C39004F5878 /* ImageDownloder.swift in Sources */ = {isa = PBXBuildFile; fileRef = 90A365F2254F3C39004F5878 /* ImageDownloder.swift */; };
		90AE895725503F290013E6CB /* ArticlesViewModel.swift in Sources */ = {isa = PBXBuildFile; fileRef = 90AE895625503F290013E6CB /* ArticlesViewModel.swift */; };
		90AE895B255080DD0013E6CB /* ArticleDetailViewModel.swift in Sources */ = {isa = PBXBuildFile; fileRef = 90AE895A255080DD0013E6CB /* ArticleDetailViewModel.swift */; };
		90AE895D255081CA0013E6CB /* ArticleType.swift in Sources */ = {isa = PBXBuildFile; fileRef = 90AE895C255081CA0013E6CB /* ArticleType.swift */; };
		90AE895F25508C090013E6CB /* DetailViewController.swift in Sources */ = {isa = PBXBuildFile; fileRef = 90AE895E25508C090013E6CB /* DetailViewController.swift */; };
		90C59B01254DA0710012F0BA /* InfoItem.swift in Sources */ = {isa = PBXBuildFile; fileRef = 90C59B00254DA0710012F0BA /* InfoItem.swift */; };
		90C59B03254DA47A0012F0BA /* ServiceManager.swift in Sources */ = {isa = PBXBuildFile; fileRef = 90C59B02254DA47A0012F0BA /* ServiceManager.swift */; };
		90C59B05254DC78E0012F0BA /* DataManager.swift in Sources */ = {isa = PBXBuildFile; fileRef = 90C59B04254DC78E0012F0BA /* DataManager.swift */; };
		90FB29522552B88E0067A8DE /* ArticleViewModelTests.swift in Sources */ = {isa = PBXBuildFile; fileRef = 90FB29512552B88E0067A8DE /* ArticleViewModelTests.swift */; };
		90FB29562552B8CC0067A8DE /* ServiceManagerTests.swift in Sources */ = {isa = PBXBuildFile; fileRef = 90FB29552552B8CC0067A8DE /* ServiceManagerTests.swift */; };
		90FB29582552B9200067A8DE /* DataManagerTests.swift in Sources */ = {isa = PBXBuildFile; fileRef = 90FB29572552B9200067A8DE /* DataManagerTests.swift */; };
		AF71468DFFDE30ACEAE4C376 /* Pods_MobileAxxessTests.framework in Frameworks */ = {isa = PBXBuildFile; fileRef = 04C9C076FFCF028D8B55828C /* Pods_MobileAxxessTests.framework */; };
		B8812108404728C5B2643015 /* Pods_MobileAxxess_MobileAxxessUITests.framework in Frameworks */ = {isa = PBXBuildFile; fileRef = 36CD04DF6705B261E7D26DB0 /* Pods_MobileAxxess_MobileAxxessUITests.framework */; };
/* End PBXBuildFile section */

/* Begin PBXContainerItemProxy section */
		90842869254D5D32000260E7 /* PBXContainerItemProxy */ = {
			isa = PBXContainerItemProxy;
			containerPortal = 9084284A254D5D2F000260E7 /* Project object */;
			proxyType = 1;
			remoteGlobalIDString = 90842851254D5D2F000260E7;
			remoteInfo = MobileAxxess;
		};
		90842874254D5D32000260E7 /* PBXContainerItemProxy */ = {
			isa = PBXContainerItemProxy;
			containerPortal = 9084284A254D5D2F000260E7 /* Project object */;
			proxyType = 1;
			remoteGlobalIDString = 90842851254D5D2F000260E7;
			remoteInfo = MobileAxxess;
		};
/* End PBXContainerItemProxy section */

/* Begin PBXFileReference section */
		04C9C076FFCF028D8B55828C /* Pods_MobileAxxessTests.framework */ = {isa = PBXFileReference; explicitFileType = wrapper.framework; includeInIndex = 0; path = Pods_MobileAxxessTests.framework; sourceTree = BUILT_PRODUCTS_DIR; };
		23C66C9864E6C19BF6C6172C /* Pods-MobileAxxess-MobileAxxessUITests.debug.xcconfig */ = {isa = PBXFileReference; includeInIndex = 1; lastKnownFileType = text.xcconfig; name = "Pods-MobileAxxess-MobileAxxessUITests.debug.xcconfig"; path = "Target Support Files/Pods-MobileAxxess-MobileAxxessUITests/Pods-MobileAxxess-MobileAxxessUITests.debug.xcconfig"; sourceTree = "<group>"; };
		36CD04DF6705B261E7D26DB0 /* Pods_MobileAxxess_MobileAxxessUITests.framework */ = {isa = PBXFileReference; explicitFileType = wrapper.framework; includeInIndex = 0; path = Pods_MobileAxxess_MobileAxxessUITests.framework; sourceTree = BUILT_PRODUCTS_DIR; };
		82408BB1804D5BA1F82F5F76 /* Pods-MobileAxxess.debug.xcconfig */ = {isa = PBXFileReference; includeInIndex = 1; lastKnownFileType = text.xcconfig; name = "Pods-MobileAxxess.debug.xcconfig"; path = "Target Support Files/Pods-MobileAxxess/Pods-MobileAxxess.debug.xcconfig"; sourceTree = "<group>"; };
		85CDC7F2C3A28DE1D513685F /* Pods-MobileAxxess-MobileAxxessUITests.release.xcconfig */ = {isa = PBXFileReference; includeInIndex = 1; lastKnownFileType = text.xcconfig; name = "Pods-MobileAxxess-MobileAxxessUITests.release.xcconfig"; path = "Target Support Files/Pods-MobileAxxess-MobileAxxessUITests/Pods-MobileAxxess-MobileAxxessUITests.release.xcconfig"; sourceTree = "<group>"; };
		90842852254D5D2F000260E7 /* MobileAxxess.app */ = {isa = PBXFileReference; explicitFileType = wrapper.application; includeInIndex = 0; path = MobileAxxess.app; sourceTree = BUILT_PRODUCTS_DIR; };
		90842855254D5D2F000260E7 /* AppDelegate.swift */ = {isa = PBXFileReference; lastKnownFileType = sourcecode.swift; path = AppDelegate.swift; sourceTree = "<group>"; };
		90842857254D5D2F000260E7 /* SceneDelegate.swift */ = {isa = PBXFileReference; lastKnownFileType = sourcecode.swift; path = SceneDelegate.swift; sourceTree = "<group>"; };
		90842859254D5D2F000260E7 /* ViewController.swift */ = {isa = PBXFileReference; lastKnownFileType = sourcecode.swift; path = ViewController.swift; sourceTree = "<group>"; };
		9084285C254D5D2F000260E7 /* Base */ = {isa = PBXFileReference; lastKnownFileType = file.storyboard; name = Base; path = Base.lproj/Main.storyboard; sourceTree = "<group>"; };
		9084285E254D5D32000260E7 /* Assets.xcassets */ = {isa = PBXFileReference; lastKnownFileType = folder.assetcatalog; path = Assets.xcassets; sourceTree = "<group>"; };
		90842861254D5D32000260E7 /* Base */ = {isa = PBXFileReference; lastKnownFileType = file.storyboard; name = Base; path = Base.lproj/LaunchScreen.storyboard; sourceTree = "<group>"; };
		90842863254D5D32000260E7 /* Info.plist */ = {isa = PBXFileReference; lastKnownFileType = text.plist.xml; path = Info.plist; sourceTree = "<group>"; };
		90842868254D5D32000260E7 /* MobileAxxessTests.xctest */ = {isa = PBXFileReference; explicitFileType = wrapper.cfbundle; includeInIndex = 0; path = MobileAxxessTests.xctest; sourceTree = BUILT_PRODUCTS_DIR; };
		9084286C254D5D32000260E7 /* MobileAxxessTests.swift */ = {isa = PBXFileReference; lastKnownFileType = sourcecode.swift; path = MobileAxxessTests.swift; sourceTree = "<group>"; };
		9084286E254D5D32000260E7 /* Info.plist */ = {isa = PBXFileReference; lastKnownFileType = text.plist.xml; path = Info.plist; sourceTree = "<group>"; };
		90842873254D5D32000260E7 /* MobileAxxessUITests.xctest */ = {isa = PBXFileReference; explicitFileType = wrapper.cfbundle; includeInIndex = 0; path = MobileAxxessUITests.xctest; sourceTree = BUILT_PRODUCTS_DIR; };
		90842877254D5D32000260E7 /* MobileAxxessUITests.swift */ = {isa = PBXFileReference; lastKnownFileType = sourcecode.swift; path = MobileAxxessUITests.swift; sourceTree = "<group>"; };
		90842879254D5D32000260E7 /* Info.plist */ = {isa = PBXFileReference; lastKnownFileType = text.plist.xml; path = Info.plist; sourceTree = "<group>"; };
		908AE4BA2551BD7C00D14FDB /* PersistenceCoordinator.swift */ = {isa = PBXFileReference; lastKnownFileType = sourcecode.swift; path = PersistenceCoordinator.swift; sourceTree = "<group>"; };
		908AE4BC2551D14400D14FDB /* Connection.swift */ = {isa = PBXFileReference; fileEncoding = 4; lastKnownFileType = sourcecode.swift; path = Connection.swift; sourceTree = "<group>"; };
		908AE4C22551FABD00D14FDB /* DateFormatter+Article.swift */ = {isa = PBXFileReference; lastKnownFileType = sourcecode.swift; path = "DateFormatter+Article.swift"; sourceTree = "<group>"; };
		90A365EA254EAB73004F5878 /* ArticleTableViewCell.swift */ = {isa = PBXFileReference; lastKnownFileType = sourcecode.swift; path = ArticleTableViewCell.swift; sourceTree = "<group>"; };
		90A365EC254F0168004F5878 /* ImageCache.swift */ = {isa = PBXFileReference; lastKnownFileType = sourcecode.swift; path = ImageCache.swift; sourceTree = "<group>"; };
		90A365EE254F017D004F5878 /* ImageManager.swift */ = {isa = PBXFileReference; lastKnownFileType = sourcecode.swift; path = ImageManager.swift; sourceTree = "<group>"; };
		90A365F0254F3B5E004F5878 /* AsyncOperation.swift */ = {isa = PBXFileReference; lastKnownFileType = sourcecode.swift; path = AsyncOperation.swift; sourceTree = "<group>"; };
		90A365F2254F3C39004F5878 /* ImageDownloder.swift */ = {isa = PBXFileReference; lastKnownFileType = sourcecode.swift; path = ImageDownloder.swift; sourceTree = "<group>"; };
		90AE895625503F290013E6CB /* ArticlesViewModel.swift */ = {isa = PBXFileReference; lastKnownFileType = sourcecode.swift; path = ArticlesViewModel.swift; sourceTree = "<group>"; };
		90AE895A255080DD0013E6CB /* ArticleDetailViewModel.swift */ = {isa = PBXFileReference; lastKnownFileType = sourcecode.swift; path = ArticleDetailViewModel.swift; sourceTree = "<group>"; };
		90AE895C255081CA0013E6CB /* ArticleType.swift */ = {isa = PBXFileReference; lastKnownFileType = sourcecode.swift; path = ArticleType.swift; sourceTree = "<group>"; };
		90AE895E25508C090013E6CB /* DetailViewController.swift */ = {isa = PBXFileReference; lastKnownFileType = sourcecode.swift; path = DetailViewController.swift; sourceTree = "<group>"; };
		90C59B00254DA0710012F0BA /* InfoItem.swift */ = {isa = PBXFileReference; lastKnownFileType = sourcecode.swift; path = InfoItem.swift; sourceTree = "<group>"; };
		90C59B02254DA47A0012F0BA /* ServiceManager.swift */ = {isa = PBXFileReference; lastKnownFileType = sourcecode.swift; path = ServiceManager.swift; sourceTree = "<group>"; };
		90C59B04254DC78E0012F0BA /* DataManager.swift */ = {isa = PBXFileReference; lastKnownFileType = sourcecode.swift; path = DataManager.swift; sourceTree = "<group>"; };
		90FB29512552B88E0067A8DE /* ArticleViewModelTests.swift */ = {isa = PBXFileReference; lastKnownFileType = sourcecode.swift; path = ArticleViewModelTests.swift; sourceTree = "<group>"; };
		90FB29552552B8CC0067A8DE /* ServiceManagerTests.swift */ = {isa = PBXFileReference; lastKnownFileType = sourcecode.swift; path = ServiceManagerTests.swift; sourceTree = "<group>"; };
		90FB29572552B9200067A8DE /* DataManagerTests.swift */ = {isa = PBXFileReference; lastKnownFileType = sourcecode.swift; path = DataManagerTests.swift; sourceTree = "<group>"; };
		ABB31F393EC1FF47F2EDF268 /* Pods_MobileAxxess.framework */ = {isa = PBXFileReference; explicitFileType = wrapper.framework; includeInIndex = 0; path = Pods_MobileAxxess.framework; sourceTree = BUILT_PRODUCTS_DIR; };
		B16903E5DA0C26FE799C2442 /* Pods-MobileAxxessTests.debug.xcconfig */ = {isa = PBXFileReference; includeInIndex = 1; lastKnownFileType = text.xcconfig; name = "Pods-MobileAxxessTests.debug.xcconfig"; path = "Target Support Files/Pods-MobileAxxessTests/Pods-MobileAxxessTests.debug.xcconfig"; sourceTree = "<group>"; };
		E9A0A9D7C6EAB2B37EEF460B /* Pods-MobileAxxess.release.xcconfig */ = {isa = PBXFileReference; includeInIndex = 1; lastKnownFileType = text.xcconfig; name = "Pods-MobileAxxess.release.xcconfig"; path = "Target Support Files/Pods-MobileAxxess/Pods-MobileAxxess.release.xcconfig"; sourceTree = "<group>"; };
		EC59D4D32A046E8CE2F157F5 /* Pods-MobileAxxessTests.release.xcconfig */ = {isa = PBXFileReference; includeInIndex = 1; lastKnownFileType = text.xcconfig; name = "Pods-MobileAxxessTests.release.xcconfig"; path = "Target Support Files/Pods-MobileAxxessTests/Pods-MobileAxxessTests.release.xcconfig"; sourceTree = "<group>"; };
/* End PBXFileReference section */

/* Begin PBXFrameworksBuildPhase section */
		9084284F254D5D2F000260E7 /* Frameworks */ = {
			isa = PBXFrameworksBuildPhase;
			buildActionMask = 2147483647;
			files = (
				85FC0CD58F79E92681759D6A /* Pods_MobileAxxess.framework in Frameworks */,
			);
			runOnlyForDeploymentPostprocessing = 0;
		};
		90842865254D5D32000260E7 /* Frameworks */ = {
			isa = PBXFrameworksBuildPhase;
			buildActionMask = 2147483647;
			files = (
				AF71468DFFDE30ACEAE4C376 /* Pods_MobileAxxessTests.framework in Frameworks */,
			);
			runOnlyForDeploymentPostprocessing = 0;
		};
		90842870254D5D32000260E7 /* Frameworks */ = {
			isa = PBXFrameworksBuildPhase;
			buildActionMask = 2147483647;
			files = (
				B8812108404728C5B2643015 /* Pods_MobileAxxess_MobileAxxessUITests.framework in Frameworks */,
			);
			runOnlyForDeploymentPostprocessing = 0;
		};
/* End PBXFrameworksBuildPhase section */

/* Begin PBXGroup section */
		892D11DF969B20FB284F5FC5 /* Frameworks */ = {
			isa = PBXGroup;
			children = (
				ABB31F393EC1FF47F2EDF268 /* Pods_MobileAxxess.framework */,
				36CD04DF6705B261E7D26DB0 /* Pods_MobileAxxess_MobileAxxessUITests.framework */,
				04C9C076FFCF028D8B55828C /* Pods_MobileAxxessTests.framework */,
			);
			name = Frameworks;
			sourceTree = "<group>";
		};
		90842849254D5D2F000260E7 = {
			isa = PBXGroup;
			children = (
				908AE4BE2551E2FF00D14FDB /* ThirdParty_Helper */,
				90842854254D5D2F000260E7 /* MobileAxxess */,
				9084286B254D5D32000260E7 /* MobileAxxessTests */,
				90842876254D5D32000260E7 /* MobileAxxessUITests */,
				90842853254D5D2F000260E7 /* Products */,
				B7684E7312437B177DEC41A4 /* Pods */,
				892D11DF969B20FB284F5FC5 /* Frameworks */,
			);
			sourceTree = "<group>";
		};
		90842853254D5D2F000260E7 /* Products */ = {
			isa = PBXGroup;
			children = (
				90842852254D5D2F000260E7 /* MobileAxxess.app */,
				90842868254D5D32000260E7 /* MobileAxxessTests.xctest */,
				90842873254D5D32000260E7 /* MobileAxxessUITests.xctest */,
			);
			name = Products;
			sourceTree = "<group>";
		};
		90842854254D5D2F000260E7 /* MobileAxxess */ = {
			isa = PBXGroup;
			children = (
				90AE895425503C780013E6CB /* DataManager */,
				90842888254D5D8E000260E7 /* ViewModel */,
				90842887254D5D80000260E7 /* View */,
				90842886254D5D75000260E7 /* Model */,
				90842885254D5D6B000260E7 /* Services */,
				90842859254D5D2F000260E7 /* ViewController.swift */,
				90AE895E25508C090013E6CB /* DetailViewController.swift */,
				9084285E254D5D32000260E7 /* Assets.xcassets */,
				90842855254D5D2F000260E7 /* AppDelegate.swift */,
				90842857254D5D2F000260E7 /* SceneDelegate.swift */,
				9084285B254D5D2F000260E7 /* Main.storyboard */,
				90842860254D5D32000260E7 /* LaunchScreen.storyboard */,
				90842863254D5D32000260E7 /* Info.plist */,
				908AE4C22551FABD00D14FDB /* DateFormatter+Article.swift */,
			);
			path = MobileAxxess;
			sourceTree = "<group>";
		};
		9084286B254D5D32000260E7 /* MobileAxxessTests */ = {
			isa = PBXGroup;
			children = (
				9084286C254D5D32000260E7 /* MobileAxxessTests.swift */,
				9084286E254D5D32000260E7 /* Info.plist */,
				90FB29512552B88E0067A8DE /* ArticleViewModelTests.swift */,
				90FB29552552B8CC0067A8DE /* ServiceManagerTests.swift */,
				90FB29572552B9200067A8DE /* DataManagerTests.swift */,
			);
			path = MobileAxxessTests;
			sourceTree = "<group>";
		};
		90842876254D5D32000260E7 /* MobileAxxessUITests */ = {
			isa = PBXGroup;
			children = (
				90842877254D5D32000260E7 /* MobileAxxessUITests.swift */,
				90842879254D5D32000260E7 /* Info.plist */,
			);
			path = MobileAxxessUITests;
			sourceTree = "<group>";
		};
		90842885254D5D6B000260E7 /* Services */ = {
			isa = PBXGroup;
			children = (
				90C59B02254DA47A0012F0BA /* ServiceManager.swift */,
			);
			path = Services;
			sourceTree = "<group>";
		};
		90842886254D5D75000260E7 /* Model */ = {
			isa = PBXGroup;
			children = (
				90AE895C255081CA0013E6CB /* ArticleType.swift */,
				90C59B00254DA0710012F0BA /* InfoItem.swift */,
			);
			path = Model;
			sourceTree = "<group>";
		};
		90842887254D5D80000260E7 /* View */ = {
			isa = PBXGroup;
			children = (
				90A365EA254EAB73004F5878 /* ArticleTableViewCell.swift */,
			);
			path = View;
			sourceTree = "<group>";
		};
		90842888254D5D8E000260E7 /* ViewModel */ = {
			isa = PBXGroup;
			children = (
				90AE895625503F290013E6CB /* ArticlesViewModel.swift */,
				90AE895A255080DD0013E6CB /* ArticleDetailViewModel.swift */,
			);
			path = ViewModel;
			sourceTree = "<group>";
		};
		908AE4BE2551E2FF00D14FDB /* ThirdParty_Helper */ = {
			isa = PBXGroup;
			children = (
				90A365F0254F3B5E004F5878 /* AsyncOperation.swift */,
				908AE4BC2551D14400D14FDB /* Connection.swift */,
			);
			path = ThirdParty_Helper;
			sourceTree = "<group>";
		};
		90AE895425503C780013E6CB /* DataManager */ = {
			isa = PBXGroup;
			children = (
				908AE4BA2551BD7C00D14FDB /* PersistenceCoordinator.swift */,
				90C59B04254DC78E0012F0BA /* DataManager.swift */,
				90AE895525503CBB0013E6CB /* ImageHandler */,
			);
			path = DataManager;
			sourceTree = "<group>";
		};
		90AE895525503CBB0013E6CB /* ImageHandler */ = {
			isa = PBXGroup;
			children = (
				90A365EC254F0168004F5878 /* ImageCache.swift */,
				90A365EE254F017D004F5878 /* ImageManager.swift */,
				90A365F2254F3C39004F5878 /* ImageDownloder.swift */,
			);
			path = ImageHandler;
			sourceTree = "<group>";
		};
		B7684E7312437B177DEC41A4 /* Pods */ = {
			isa = PBXGroup;
			children = (
				82408BB1804D5BA1F82F5F76 /* Pods-MobileAxxess.debug.xcconfig */,
				E9A0A9D7C6EAB2B37EEF460B /* Pods-MobileAxxess.release.xcconfig */,
				23C66C9864E6C19BF6C6172C /* Pods-MobileAxxess-MobileAxxessUITests.debug.xcconfig */,
				85CDC7F2C3A28DE1D513685F /* Pods-MobileAxxess-MobileAxxessUITests.release.xcconfig */,
				B16903E5DA0C26FE799C2442 /* Pods-MobileAxxessTests.debug.xcconfig */,
				EC59D4D32A046E8CE2F157F5 /* Pods-MobileAxxessTests.release.xcconfig */,
			);
			path = Pods;
			sourceTree = "<group>";
		};
/* End PBXGroup section */

/* Begin PBXNativeTarget section */
		90842851254D5D2F000260E7 /* MobileAxxess */ = {
			isa = PBXNativeTarget;
			buildConfigurationList = 9084287C254D5D32000260E7 /* Build configuration list for PBXNativeTarget "MobileAxxess" */;
			buildPhases = (
				AA45C0A0DA7C09EFA24B3AB6 /* [CP] Check Pods Manifest.lock */,
				9084284E254D5D2F000260E7 /* Sources */,
				9084284F254D5D2F000260E7 /* Frameworks */,
				90842850254D5D2F000260E7 /* Resources */,
				4C91C2C52DCA3AB0D9343993 /* [CP] Embed Pods Frameworks */,
			);
			buildRules = (
			);
			dependencies = (
			);
			name = MobileAxxess;
			productName = MobileAxxess;
			productReference = 90842852254D5D2F000260E7 /* MobileAxxess.app */;
			productType = "com.apple.product-type.application";
		};
		90842867254D5D32000260E7 /* MobileAxxessTests */ = {
			isa = PBXNativeTarget;
			buildConfigurationList = 9084287F254D5D32000260E7 /* Build configuration list for PBXNativeTarget "MobileAxxessTests" */;
			buildPhases = (
				D7B19519882BD6F970583306 /* [CP] Check Pods Manifest.lock */,
				90842864254D5D32000260E7 /* Sources */,
				90842865254D5D32000260E7 /* Frameworks */,
				90842866254D5D32000260E7 /* Resources */,
			);
			buildRules = (
			);
			dependencies = (
				9084286A254D5D32000260E7 /* PBXTargetDependency */,
			);
			name = MobileAxxessTests;
			productName = MobileAxxessTests;
			productReference = 90842868254D5D32000260E7 /* MobileAxxessTests.xctest */;
			productType = "com.apple.product-type.bundle.unit-test";
		};
		90842872254D5D32000260E7 /* MobileAxxessUITests */ = {
			isa = PBXNativeTarget;
			buildConfigurationList = 90842882254D5D32000260E7 /* Build configuration list for PBXNativeTarget "MobileAxxessUITests" */;
			buildPhases = (
				76E5CEEA8AF57F30A7BBBED9 /* [CP] Check Pods Manifest.lock */,
				9084286F254D5D32000260E7 /* Sources */,
				90842870254D5D32000260E7 /* Frameworks */,
				90842871254D5D32000260E7 /* Resources */,
				39BA1E9960499A5910912138 /* [CP] Embed Pods Frameworks */,
			);
			buildRules = (
			);
			dependencies = (
				90842875254D5D32000260E7 /* PBXTargetDependency */,
			);
			name = MobileAxxessUITests;
			productName = MobileAxxessUITests;
			productReference = 90842873254D5D32000260E7 /* MobileAxxessUITests.xctest */;
			productType = "com.apple.product-type.bundle.ui-testing";
		};
/* End PBXNativeTarget section */

/* Begin PBXProject section */
		9084284A254D5D2F000260E7 /* Project object */ = {
			isa = PBXProject;
			attributes = {
				LastSwiftUpdateCheck = 1160;
				LastUpgradeCheck = 1160;
				ORGANIZATIONNAME = atsawant.com;
				TargetAttributes = {
					90842851254D5D2F000260E7 = {
						CreatedOnToolsVersion = 11.6;
					};
					90842867254D5D32000260E7 = {
						CreatedOnToolsVersion = 11.6;
						TestTargetID = 90842851254D5D2F000260E7;
					};
					90842872254D5D32000260E7 = {
						CreatedOnToolsVersion = 11.6;
						TestTargetID = 90842851254D5D2F000260E7;
					};
				};
			};
			buildConfigurationList = 9084284D254D5D2F000260E7 /* Build configuration list for PBXProject "MobileAxxess" */;
			compatibilityVersion = "Xcode 9.3";
			developmentRegion = en;
			hasScannedForEncodings = 0;
			knownRegions = (
				en,
				Base,
			);
			mainGroup = 90842849254D5D2F000260E7;
			productRefGroup = 90842853254D5D2F000260E7 /* Products */;
			projectDirPath = "";
			projectRoot = "";
			targets = (
				90842851254D5D2F000260E7 /* MobileAxxess */,
				90842867254D5D32000260E7 /* MobileAxxessTests */,
				90842872254D5D32000260E7 /* MobileAxxessUITests */,
			);
		};
/* End PBXProject section */

/* Begin PBXResourcesBuildPhase section */
		90842850254D5D2F000260E7 /* Resources */ = {
			isa = PBXResourcesBuildPhase;
			buildActionMask = 2147483647;
			files = (
				90842862254D5D32000260E7 /* LaunchScreen.storyboard in Resources */,
				9084285F254D5D32000260E7 /* Assets.xcassets in Resources */,
				9084285D254D5D2F000260E7 /* Main.storyboard in Resources */,
			);
			runOnlyForDeploymentPostprocessing = 0;
		};
		90842866254D5D32000260E7 /* Resources */ = {
			isa = PBXResourcesBuildPhase;
			buildActionMask = 2147483647;
			files = (
			);
			runOnlyForDeploymentPostprocessing = 0;
		};
		90842871254D5D32000260E7 /* Resources */ = {
			isa = PBXResourcesBuildPhase;
			buildActionMask = 2147483647;
			files = (
			);
			runOnlyForDeploymentPostprocessing = 0;
		};
/* End PBXResourcesBuildPhase section */

/* Begin PBXShellScriptBuildPhase section */
		39BA1E9960499A5910912138 /* [CP] Embed Pods Frameworks */ = {
			isa = PBXShellScriptBuildPhase;
			buildActionMask = 2147483647;
			files = (
			);
			inputFileListPaths = (
				"${PODS_ROOT}/Target Support Files/Pods-MobileAxxess-MobileAxxessUITests/Pods-MobileAxxess-MobileAxxessUITests-frameworks-${CONFIGURATION}-input-files.xcfilelist",
			);
			name = "[CP] Embed Pods Frameworks";
			outputFileListPaths = (
				"${PODS_ROOT}/Target Support Files/Pods-MobileAxxess-MobileAxxessUITests/Pods-MobileAxxess-MobileAxxessUITests-frameworks-${CONFIGURATION}-output-files.xcfilelist",
			);
			runOnlyForDeploymentPostprocessing = 0;
			shellPath = /bin/sh;
			shellScript = "\"${PODS_ROOT}/Target Support Files/Pods-MobileAxxess-MobileAxxessUITests/Pods-MobileAxxess-MobileAxxessUITests-frameworks.sh\"\n";
			showEnvVarsInLog = 0;
		};
		4C91C2C52DCA3AB0D9343993 /* [CP] Embed Pods Frameworks */ = {
			isa = PBXShellScriptBuildPhase;
			buildActionMask = 2147483647;
			files = (
			);
			inputFileListPaths = (
				"${PODS_ROOT}/Target Support Files/Pods-MobileAxxess/Pods-MobileAxxess-frameworks-${CONFIGURATION}-input-files.xcfilelist",
			);
			name = "[CP] Embed Pods Frameworks";
			outputFileListPaths = (
				"${PODS_ROOT}/Target Support Files/Pods-MobileAxxess/Pods-MobileAxxess-frameworks-${CONFIGURATION}-output-files.xcfilelist",
			);
			runOnlyForDeploymentPostprocessing = 0;
			shellPath = /bin/sh;
			shellScript = "\"${PODS_ROOT}/Target Support Files/Pods-MobileAxxess/Pods-MobileAxxess-frameworks.sh\"\n";
			showEnvVarsInLog = 0;
		};
		76E5CEEA8AF57F30A7BBBED9 /* [CP] Check Pods Manifest.lock */ = {
			isa = PBXShellScriptBuildPhase;
			buildActionMask = 2147483647;
			files = (
			);
			inputFileListPaths = (
			);
			inputPaths = (
				"${PODS_PODFILE_DIR_PATH}/Podfile.lock",
				"${PODS_ROOT}/Manifest.lock",
			);
			name = "[CP] Check Pods Manifest.lock";
			outputFileListPaths = (
			);
			outputPaths = (
				"$(DERIVED_FILE_DIR)/Pods-MobileAxxess-MobileAxxessUITests-checkManifestLockResult.txt",
			);
			runOnlyForDeploymentPostprocessing = 0;
			shellPath = /bin/sh;
			shellScript = "diff \"${PODS_PODFILE_DIR_PATH}/Podfile.lock\" \"${PODS_ROOT}/Manifest.lock\" > /dev/null\nif [ $? != 0 ] ; then\n    # print error to STDERR\n    echo \"error: The sandbox is not in sync with the Podfile.lock. Run 'pod install' or update your CocoaPods installation.\" >&2\n    exit 1\nfi\n# This output is used by Xcode 'outputs' to avoid re-running this script phase.\necho \"SUCCESS\" > \"${SCRIPT_OUTPUT_FILE_0}\"\n";
			showEnvVarsInLog = 0;
		};
		AA45C0A0DA7C09EFA24B3AB6 /* [CP] Check Pods Manifest.lock */ = {
			isa = PBXShellScriptBuildPhase;
			buildActionMask = 2147483647;
			files = (
			);
			inputFileListPaths = (
			);
			inputPaths = (
				"${PODS_PODFILE_DIR_PATH}/Podfile.lock",
				"${PODS_ROOT}/Manifest.lock",
			);
			name = "[CP] Check Pods Manifest.lock";
			outputFileListPaths = (
			);
			outputPaths = (
				"$(DERIVED_FILE_DIR)/Pods-MobileAxxess-checkManifestLockResult.txt",
			);
			runOnlyForDeploymentPostprocessing = 0;
			shellPath = /bin/sh;
			shellScript = "diff \"${PODS_PODFILE_DIR_PATH}/Podfile.lock\" \"${PODS_ROOT}/Manifest.lock\" > /dev/null\nif [ $? != 0 ] ; then\n    # print error to STDERR\n    echo \"error: The sandbox is not in sync with the Podfile.lock. Run 'pod install' or update your CocoaPods installation.\" >&2\n    exit 1\nfi\n# This output is used by Xcode 'outputs' to avoid re-running this script phase.\necho \"SUCCESS\" > \"${SCRIPT_OUTPUT_FILE_0}\"\n";
			showEnvVarsInLog = 0;
		};
		D7B19519882BD6F970583306 /* [CP] Check Pods Manifest.lock */ = {
			isa = PBXShellScriptBuildPhase;
			buildActionMask = 2147483647;
			files = (
			);
			inputFileListPaths = (
			);
			inputPaths = (
				"${PODS_PODFILE_DIR_PATH}/Podfile.lock",
				"${PODS_ROOT}/Manifest.lock",
			);
			name = "[CP] Check Pods Manifest.lock";
			outputFileListPaths = (
			);
			outputPaths = (
				"$(DERIVED_FILE_DIR)/Pods-MobileAxxessTests-checkManifestLockResult.txt",
			);
			runOnlyForDeploymentPostprocessing = 0;
			shellPath = /bin/sh;
			shellScript = "diff \"${PODS_PODFILE_DIR_PATH}/Podfile.lock\" \"${PODS_ROOT}/Manifest.lock\" > /dev/null\nif [ $? != 0 ] ; then\n    # print error to STDERR\n    echo \"error: The sandbox is not in sync with the Podfile.lock. Run 'pod install' or update your CocoaPods installation.\" >&2\n    exit 1\nfi\n# This output is used by Xcode 'outputs' to avoid re-running this script phase.\necho \"SUCCESS\" > \"${SCRIPT_OUTPUT_FILE_0}\"\n";
			showEnvVarsInLog = 0;
		};
/* End PBXShellScriptBuildPhase section */

/* Begin PBXSourcesBuildPhase section */
		9084284E254D5D2F000260E7 /* Sources */ = {
			isa = PBXSourcesBuildPhase;
			buildActionMask = 2147483647;
			files = (
				90A365EB254EAB73004F5878 /* ArticleTableViewCell.swift in Sources */,
				90AE895D255081CA0013E6CB /* ArticleType.swift in Sources */,
				90C59B01254DA0710012F0BA /* InfoItem.swift in Sources */,
				90A365ED254F0168004F5878 /* ImageCache.swift in Sources */,
				90A365EF254F017D004F5878 /* ImageManager.swift in Sources */,
				90AE895B255080DD0013E6CB /* ArticleDetailViewModel.swift in Sources */,
				90C59B05254DC78E0012F0BA /* DataManager.swift in Sources */,
				90AE895F25508C090013E6CB /* DetailViewController.swift in Sources */,
				90AE895725503F290013E6CB /* ArticlesViewModel.swift in Sources */,
				908AE4C32551FABD00D14FDB /* DateFormatter+Article.swift in Sources */,
				9084285A254D5D2F000260E7 /* ViewController.swift in Sources */,
				908AE4BD2551D14400D14FDB /* Connection.swift in Sources */,
				90842856254D5D2F000260E7 /* AppDelegate.swift in Sources */,
				908AE4BF2551E7AA00D14FDB /* PersistenceCoordinator.swift in Sources */,
				90842858254D5D2F000260E7 /* SceneDelegate.swift in Sources */,
				90A365F1254F3B5E004F5878 /* AsyncOperation.swift in Sources */,
				90C59B03254DA47A0012F0BA /* ServiceManager.swift in Sources */,
				90A365F3254F3C39004F5878 /* ImageDownloder.swift in Sources */,
			);
			runOnlyForDeploymentPostprocessing = 0;
		};
		90842864254D5D32000260E7 /* Sources */ = {
			isa = PBXSourcesBuildPhase;
			buildActionMask = 2147483647;
			files = (
				9084286D254D5D32000260E7 /* MobileAxxessTests.swift in Sources */,
				90FB29582552B9200067A8DE /* DataManagerTests.swift in Sources */,
				90FB29522552B88E0067A8DE /* ArticleViewModelTests.swift in Sources */,
				90FB29562552B8CC0067A8DE /* ServiceManagerTests.swift in Sources */,
			);
			runOnlyForDeploymentPostprocessing = 0;
		};
		9084286F254D5D32000260E7 /* Sources */ = {
			isa = PBXSourcesBuildPhase;
			buildActionMask = 2147483647;
			files = (
				90842878254D5D32000260E7 /* MobileAxxessUITests.swift in Sources */,
			);
			runOnlyForDeploymentPostprocessing = 0;
		};
/* End PBXSourcesBuildPhase section */

/* Begin PBXTargetDependency section */
		9084286A254D5D32000260E7 /* PBXTargetDependency */ = {
			isa = PBXTargetDependency;
			target = 90842851254D5D2F000260E7 /* MobileAxxess */;
			targetProxy = 90842869254D5D32000260E7 /* PBXContainerItemProxy */;
		};
		90842875254D5D32000260E7 /* PBXTargetDependency */ = {
			isa = PBXTargetDependency;
			target = 90842851254D5D2F000260E7 /* MobileAxxess */;
			targetProxy = 90842874254D5D32000260E7 /* PBXContainerItemProxy */;
		};
/* End PBXTargetDependency section */

/* Begin PBXVariantGroup section */
		9084285B254D5D2F000260E7 /* Main.storyboard */ = {
			isa = PBXVariantGroup;
			children = (
				9084285C254D5D2F000260E7 /* Base */,
			);
			name = Main.storyboard;
			sourceTree = "<group>";
		};
		90842860254D5D32000260E7 /* LaunchScreen.storyboard */ = {
			isa = PBXVariantGroup;
			children = (
				90842861254D5D32000260E7 /* Base */,
			);
			name = LaunchScreen.storyboard;
			sourceTree = "<group>";
		};
/* End PBXVariantGroup section */

/* Begin XCBuildConfiguration section */
		9084287A254D5D32000260E7 /* Debug */ = {
			isa = XCBuildConfiguration;
			buildSettings = {
				ALWAYS_SEARCH_USER_PATHS = NO;
				CLANG_ANALYZER_NONNULL = YES;
				CLANG_ANALYZER_NUMBER_OBJECT_CONVERSION = YES_AGGRESSIVE;
				CLANG_CXX_LANGUAGE_STANDARD = "gnu++14";
				CLANG_CXX_LIBRARY = "libc++";
				CLANG_ENABLE_MODULES = YES;
				CLANG_ENABLE_OBJC_ARC = YES;
				CLANG_ENABLE_OBJC_WEAK = YES;
				CLANG_WARN_BLOCK_CAPTURE_AUTORELEASING = YES;
				CLANG_WARN_BOOL_CONVERSION = YES;
				CLANG_WARN_COMMA = YES;
				CLANG_WARN_CONSTANT_CONVERSION = YES;
				CLANG_WARN_DEPRECATED_OBJC_IMPLEMENTATIONS = YES;
				CLANG_WARN_DIRECT_OBJC_ISA_USAGE = YES_ERROR;
				CLANG_WARN_DOCUMENTATION_COMMENTS = YES;
				CLANG_WARN_EMPTY_BODY = YES;
				CLANG_WARN_ENUM_CONVERSION = YES;
				CLANG_WARN_INFINITE_RECURSION = YES;
				CLANG_WARN_INT_CONVERSION = YES;
				CLANG_WARN_NON_LITERAL_NULL_CONVERSION = YES;
				CLANG_WARN_OBJC_IMPLICIT_RETAIN_SELF = YES;
				CLANG_WARN_OBJC_LITERAL_CONVERSION = YES;
				CLANG_WARN_OBJC_ROOT_CLASS = YES_ERROR;
				CLANG_WARN_RANGE_LOOP_ANALYSIS = YES;
				CLANG_WARN_STRICT_PROTOTYPES = YES;
				CLANG_WARN_SUSPICIOUS_MOVE = YES;
				CLANG_WARN_UNGUARDED_AVAILABILITY = YES_AGGRESSIVE;
				CLANG_WARN_UNREACHABLE_CODE = YES;
				CLANG_WARN__DUPLICATE_METHOD_MATCH = YES;
				COPY_PHASE_STRIP = NO;
				DEBUG_INFORMATION_FORMAT = dwarf;
				ENABLE_STRICT_OBJC_MSGSEND = YES;
				ENABLE_TESTABILITY = YES;
				GCC_C_LANGUAGE_STANDARD = gnu11;
				GCC_DYNAMIC_NO_PIC = NO;
				GCC_NO_COMMON_BLOCKS = YES;
				GCC_OPTIMIZATION_LEVEL = 0;
				GCC_PREPROCESSOR_DEFINITIONS = (
					"DEBUG=1",
					"$(inherited)",
				);
				GCC_WARN_64_TO_32_BIT_CONVERSION = YES;
				GCC_WARN_ABOUT_RETURN_TYPE = YES_ERROR;
				GCC_WARN_UNDECLARED_SELECTOR = YES;
				GCC_WARN_UNINITIALIZED_AUTOS = YES_AGGRESSIVE;
				GCC_WARN_UNUSED_FUNCTION = YES;
				GCC_WARN_UNUSED_VARIABLE = YES;
				IPHONEOS_DEPLOYMENT_TARGET = 13.6;
				MTL_ENABLE_DEBUG_INFO = INCLUDE_SOURCE;
				MTL_FAST_MATH = YES;
				ONLY_ACTIVE_ARCH = YES;
				SDKROOT = iphoneos;
				SWIFT_ACTIVE_COMPILATION_CONDITIONS = DEBUG;
				SWIFT_OPTIMIZATION_LEVEL = "-Onone";
			};
			name = Debug;
		};
		9084287B254D5D32000260E7 /* Release */ = {
			isa = XCBuildConfiguration;
			buildSettings = {
				ALWAYS_SEARCH_USER_PATHS = NO;
				CLANG_ANALYZER_NONNULL = YES;
				CLANG_ANALYZER_NUMBER_OBJECT_CONVERSION = YES_AGGRESSIVE;
				CLANG_CXX_LANGUAGE_STANDARD = "gnu++14";
				CLANG_CXX_LIBRARY = "libc++";
				CLANG_ENABLE_MODULES = YES;
				CLANG_ENABLE_OBJC_ARC = YES;
				CLANG_ENABLE_OBJC_WEAK = YES;
				CLANG_WARN_BLOCK_CAPTURE_AUTORELEASING = YES;
				CLANG_WARN_BOOL_CONVERSION = YES;
				CLANG_WARN_COMMA = YES;
				CLANG_WARN_CONSTANT_CONVERSION = YES;
				CLANG_WARN_DEPRECATED_OBJC_IMPLEMENTATIONS = YES;
				CLANG_WARN_DIRECT_OBJC_ISA_USAGE = YES_ERROR;
				CLANG_WARN_DOCUMENTATION_COMMENTS = YES;
				CLANG_WARN_EMPTY_BODY = YES;
				CLANG_WARN_ENUM_CONVERSION = YES;
				CLANG_WARN_INFINITE_RECURSION = YES;
				CLANG_WARN_INT_CONVERSION = YES;
				CLANG_WARN_NON_LITERAL_NULL_CONVERSION = YES;
				CLANG_WARN_OBJC_IMPLICIT_RETAIN_SELF = YES;
				CLANG_WARN_OBJC_LITERAL_CONVERSION = YES;
				CLANG_WARN_OBJC_ROOT_CLASS = YES_ERROR;
				CLANG_WARN_RANGE_LOOP_ANALYSIS = YES;
				CLANG_WARN_STRICT_PROTOTYPES = YES;
				CLANG_WARN_SUSPICIOUS_MOVE = YES;
				CLANG_WARN_UNGUARDED_AVAILABILITY = YES_AGGRESSIVE;
				CLANG_WARN_UNREACHABLE_CODE = YES;
				CLANG_WARN__DUPLICATE_METHOD_MATCH = YES;
				COPY_PHASE_STRIP = NO;
				DEBUG_INFORMATION_FORMAT = "dwarf-with-dsym";
				ENABLE_NS_ASSERTIONS = NO;
				ENABLE_STRICT_OBJC_MSGSEND = YES;
				GCC_C_LANGUAGE_STANDARD = gnu11;
				GCC_NO_COMMON_BLOCKS = YES;
				GCC_WARN_64_TO_32_BIT_CONVERSION = YES;
				GCC_WARN_ABOUT_RETURN_TYPE = YES_ERROR;
				GCC_WARN_UNDECLARED_SELECTOR = YES;
				GCC_WARN_UNINITIALIZED_AUTOS = YES_AGGRESSIVE;
				GCC_WARN_UNUSED_FUNCTION = YES;
				GCC_WARN_UNUSED_VARIABLE = YES;
				IPHONEOS_DEPLOYMENT_TARGET = 13.6;
				MTL_ENABLE_DEBUG_INFO = NO;
				MTL_FAST_MATH = YES;
				SDKROOT = iphoneos;
				SWIFT_COMPILATION_MODE = wholemodule;
				SWIFT_OPTIMIZATION_LEVEL = "-O";
				VALIDATE_PRODUCT = YES;
			};
			name = Release;
		};
		9084287D254D5D32000260E7 /* Debug */ = {
			isa = XCBuildConfiguration;
			baseConfigurationReference = 82408BB1804D5BA1F82F5F76 /* Pods-MobileAxxess.debug.xcconfig */;
			buildSettings = {
				ASSETCATALOG_COMPILER_APPICON_NAME = AppIcon;
				CODE_SIGN_STYLE = Automatic;
				DEVELOPMENT_TEAM = BP9Q8GXBFA;
				INFOPLIST_FILE = MobileAxxess/Info.plist;
				IPHONEOS_DEPLOYMENT_TARGET = 13.0;
				LD_RUNPATH_SEARCH_PATHS = (
					"$(inherited)",
					"@executable_path/Frameworks",
				);
				PRODUCT_BUNDLE_IDENTIFIER = com.atsawant.MobileAxxess;
				PRODUCT_NAME = "$(TARGET_NAME)";
				SWIFT_VERSION = 5.0;
				TARGETED_DEVICE_FAMILY = "1,2";
			};
			name = Debug;
		};
		9084287E254D5D32000260E7 /* Release */ = {
			isa = XCBuildConfiguration;
			baseConfigurationReference = E9A0A9D7C6EAB2B37EEF460B /* Pods-MobileAxxess.release.xcconfig */;
			buildSettings = {
				ASSETCATALOG_COMPILER_APPICON_NAME = AppIcon;
				CODE_SIGN_STYLE = Automatic;
				DEVELOPMENT_TEAM = BP9Q8GXBFA;
				INFOPLIST_FILE = MobileAxxess/Info.plist;
				IPHONEOS_DEPLOYMENT_TARGET = 13.0;
				LD_RUNPATH_SEARCH_PATHS = (
					"$(inherited)",
					"@executable_path/Frameworks",
				);
				PRODUCT_BUNDLE_IDENTIFIER = com.atsawant.MobileAxxess;
				PRODUCT_NAME = "$(TARGET_NAME)";
				SWIFT_VERSION = 5.0;
				TARGETED_DEVICE_FAMILY = "1,2";
			};
			name = Release;
		};
		90842880254D5D32000260E7 /* Debug */ = {
			isa = XCBuildConfiguration;
			baseConfigurationReference = B16903E5DA0C26FE799C2442 /* Pods-MobileAxxessTests.debug.xcconfig */;
			buildSettings = {
				ALWAYS_EMBED_SWIFT_STANDARD_LIBRARIES = YES;
				BUNDLE_LOADER = "$(TEST_HOST)";
				CODE_SIGN_STYLE = Automatic;
				DEVELOPMENT_TEAM = BP9Q8GXBFA;
				INFOPLIST_FILE = MobileAxxessTests/Info.plist;
				IPHONEOS_DEPLOYMENT_TARGET = 13.6;
				LD_RUNPATH_SEARCH_PATHS = (
					"$(inherited)",
					"@executable_path/Frameworks",
					"@loader_path/Frameworks",
				);
				PRODUCT_BUNDLE_IDENTIFIER = com.atsawant.MobileAxxessTests;
				PRODUCT_NAME = "$(TARGET_NAME)";
				SWIFT_VERSION = 5.0;
				TARGETED_DEVICE_FAMILY = "1,2";
				TEST_HOST = "$(BUILT_PRODUCTS_DIR)/MobileAxxess.app/MobileAxxess";
			};
			name = Debug;
		};
		90842881254D5D32000260E7 /* Release */ = {
			isa = XCBuildConfiguration;
			baseConfigurationReference = EC59D4D32A046E8CE2F157F5 /* Pods-MobileAxxessTests.release.xcconfig */;
			buildSettings = {
				ALWAYS_EMBED_SWIFT_STANDARD_LIBRARIES = YES;
				BUNDLE_LOADER = "$(TEST_HOST)";
				CODE_SIGN_STYLE = Automatic;
				DEVELOPMENT_TEAM = BP9Q8GXBFA;
				INFOPLIST_FILE = MobileAxxessTests/Info.plist;
				IPHONEOS_DEPLOYMENT_TARGET = 13.6;
				LD_RUNPATH_SEARCH_PATHS = (
					"$(inherited)",
					"@executable_path/Frameworks",
					"@loader_path/Frameworks",
				);
				PRODUCT_BUNDLE_IDENTIFIER = com.atsawant.MobileAxxessTests;
				PRODUCT_NAME = "$(TARGET_NAME)";
				SWIFT_VERSION = 5.0;
				TARGETED_DEVICE_FAMILY = "1,2";
				TEST_HOST = "$(BUILT_PRODUCTS_DIR)/MobileAxxess.app/MobileAxxess";
			};
			name = Release;
		};
		90842883254D5D32000260E7 /* Debug */ = {
			isa = XCBuildConfiguration;
			baseConfigurationReference = 23C66C9864E6C19BF6C6172C /* Pods-MobileAxxess-MobileAxxessUITests.debug.xcconfig */;
			buildSettings = {
				ALWAYS_EMBED_SWIFT_STANDARD_LIBRARIES = YES;
				CODE_SIGN_STYLE = Automatic;
				DEVELOPMENT_TEAM = BP9Q8GXBFA;
				INFOPLIST_FILE = MobileAxxessUITests/Info.plist;
				LD_RUNPATH_SEARCH_PATHS = (
					"$(inherited)",
					"@executable_path/Frameworks",
					"@loader_path/Frameworks",
				);
				PRODUCT_BUNDLE_IDENTIFIER = com.atsawant.MobileAxxessUITests;
				PRODUCT_NAME = "$(TARGET_NAME)";
				SWIFT_VERSION = 5.0;
				TARGETED_DEVICE_FAMILY = "1,2";
				TEST_TARGET_NAME = MobileAxxess;
			};
			name = Debug;
		};
		90842884254D5D32000260E7 /* Release */ = {
			isa = XCBuildConfiguration;
			baseConfigurationReference = 85CDC7F2C3A28DE1D513685F /* Pods-MobileAxxess-MobileAxxessUITests.release.xcconfig */;
			buildSettings = {
				ALWAYS_EMBED_SWIFT_STANDARD_LIBRARIES = YES;
				CODE_SIGN_STYLE = Automatic;
				DEVELOPMENT_TEAM = BP9Q8GXBFA;
				INFOPLIST_FILE = MobileAxxessUITests/Info.plist;
				LD_RUNPATH_SEARCH_PATHS = (
					"$(inherited)",
					"@executable_path/Frameworks",
					"@loader_path/Frameworks",
				);
				PRODUCT_BUNDLE_IDENTIFIER = com.atsawant.MobileAxxessUITests;
				PRODUCT_NAME = "$(TARGET_NAME)";
				SWIFT_VERSION = 5.0;
				TARGETED_DEVICE_FAMILY = "1,2";
				TEST_TARGET_NAME = MobileAxxess;
			};
			name = Release;
		};
/* End XCBuildConfiguration section */

/* Begin XCConfigurationList section */
		9084284D254D5D2F000260E7 /* Build configuration list for PBXProject "MobileAxxess" */ = {
			isa = XCConfigurationList;
			buildConfigurations = (
				9084287A254D5D32000260E7 /* Debug */,
				9084287B254D5D32000260E7 /* Release */,
			);
			defaultConfigurationIsVisible = 0;
			defaultConfigurationName = Release;
		};
		9084287C254D5D32000260E7 /* Build configuration list for PBXNativeTarget "MobileAxxess" */ = {
			isa = XCConfigurationList;
			buildConfigurations = (
				9084287D254D5D32000260E7 /* Debug */,
				9084287E254D5D32000260E7 /* Release */,
			);
			defaultConfigurationIsVisible = 0;
			defaultConfigurationName = Release;
		};
		9084287F254D5D32000260E7 /* Build configuration list for PBXNativeTarget "MobileAxxessTests" */ = {
			isa = XCConfigurationList;
			buildConfigurations = (
				90842880254D5D32000260E7 /* Debug */,
				90842881254D5D32000260E7 /* Release */,
			);
			defaultConfigurationIsVisible = 0;
			defaultConfigurationName = Release;
		};
		90842882254D5D32000260E7 /* Build configuration list for PBXNativeTarget "MobileAxxessUITests" */ = {
			isa = XCConfigurationList;
			buildConfigurations = (
				90842883254D5D32000260E7 /* Debug */,
				90842884254D5D32000260E7 /* Release */,
			);
			defaultConfigurationIsVisible = 0;
			defaultConfigurationName = Release;
		};
/* End XCConfigurationList section */
	};
	rootObject = 9084284A254D5D2F000260E7 /* Project object */;
}
